// !$*UTF8*$!
{
	archiveVersion = 1;
	classes = {
	};
	objectVersion = 51;
	objects = {

/* Begin PBXBuildFile section */
		2B89FECD47BCC23926217ECF /* Pods_Messenger.framework in Frameworks */ = {isa = PBXBuildFile; fileRef = D9656F41D1DC9386FBB6D0DE /* Pods_Messenger.framework */; };
		FA082AE925CBE3B300D75C41 /* DatabaseManager.swift in Sources */ = {isa = PBXBuildFile; fileRef = FA082AE825CBE3B200D75C41 /* DatabaseManager.swift */; };
		FA12D83225D67EFA00976708 /* ConversationTableViewCell.swift in Sources */ = {isa = PBXBuildFile; fileRef = FA12D83125D67EF800976708 /* ConversationTableViewCell.swift */; };
		FA3B9BDF25D0381A00A2C27F /* ChatViewController.swift in Sources */ = {isa = PBXBuildFile; fileRef = FA3B9BDE25D0381A00A2C27F /* ChatViewController.swift */; };
		FA3FBF8025D1315500B25F9A /* StorageManager.swift in Sources */ = {isa = PBXBuildFile; fileRef = FA3FBF7F25D1315500B25F9A /* StorageManager.swift */; };
		FA41A9A625CAF8A200E92591 /* GoogleService-Info.plist in Resources */ = {isa = PBXBuildFile; fileRef = FA41A9A525CAF8A200E92591 /* GoogleService-Info.plist */; };
		FA81639725C93690001023B0 /* AppDelegate.swift in Sources */ = {isa = PBXBuildFile; fileRef = FA81639625C93690001023B0 /* AppDelegate.swift */; };
		FA81639925C93690001023B0 /* SceneDelegate.swift in Sources */ = {isa = PBXBuildFile; fileRef = FA81639825C93690001023B0 /* SceneDelegate.swift */; };
		FA81639B25C93690001023B0 /* ConversationsViewController.swift in Sources */ = {isa = PBXBuildFile; fileRef = FA81639A25C93690001023B0 /* ConversationsViewController.swift */; };
		FA81639E25C93690001023B0 /* Main.storyboard in Resources */ = {isa = PBXBuildFile; fileRef = FA81639C25C93690001023B0 /* Main.storyboard */; };
		FA8163A025C93698001023B0 /* Assets.xcassets in Resources */ = {isa = PBXBuildFile; fileRef = FA81639F25C93698001023B0 /* Assets.xcassets */; };
		FA8163A325C93698001023B0 /* LaunchScreen.storyboard in Resources */ = {isa = PBXBuildFile; fileRef = FA8163A125C93698001023B0 /* LaunchScreen.storyboard */; };
		FA8163B425C94216001023B0 /* LogInViewController.swift in Sources */ = {isa = PBXBuildFile; fileRef = FA8163B325C94216001023B0 /* LogInViewController.swift */; };
		FA8163B825C9423F001023B0 /* RegisterViewController.swift in Sources */ = {isa = PBXBuildFile; fileRef = FA8163B725C9423F001023B0 /* RegisterViewController.swift */; };
		FA8163BB25C94286001023B0 /* PhotoViewerViewController.swift in Sources */ = {isa = PBXBuildFile; fileRef = FA8163BA25C94285001023B0 /* PhotoViewerViewController.swift */; };
		FA8163BE25C942AA001023B0 /* VideoPlayerViewController.swift in Sources */ = {isa = PBXBuildFile; fileRef = FA8163BD25C942AA001023B0 /* VideoPlayerViewController.swift */; };
		FA8163C125C942E0001023B0 /* NewConversationViewController.swift in Sources */ = {isa = PBXBuildFile; fileRef = FA8163C025C942E0001023B0 /* NewConversationViewController.swift */; };
		FA8163C425C94311001023B0 /* ProfileViewController.swift in Sources */ = {isa = PBXBuildFile; fileRef = FA8163C325C94311001023B0 /* ProfileViewController.swift */; };
		FA8163C925C966BF001023B0 /* Extensions.swift in Sources */ = {isa = PBXBuildFile; fileRef = FA8163C825C966BE001023B0 /* Extensions.swift */; };
/* End PBXBuildFile section */

/* Begin PBXFileReference section */
		A78602C4A05B2E9854FC9E97 /* Pods-Messenger.release.xcconfig */ = {isa = PBXFileReference; includeInIndex = 1; lastKnownFileType = text.xcconfig; name = "Pods-Messenger.release.xcconfig"; path = "Target Support Files/Pods-Messenger/Pods-Messenger.release.xcconfig"; sourceTree = "<group>"; };
		D9656F41D1DC9386FBB6D0DE /* Pods_Messenger.framework */ = {isa = PBXFileReference; explicitFileType = wrapper.framework; includeInIndex = 0; path = Pods_Messenger.framework; sourceTree = BUILT_PRODUCTS_DIR; };
		F9DF5C06B6A09C5A40C5E1FC /* Pods-Messenger.debug.xcconfig */ = {isa = PBXFileReference; includeInIndex = 1; lastKnownFileType = text.xcconfig; name = "Pods-Messenger.debug.xcconfig"; path = "Target Support Files/Pods-Messenger/Pods-Messenger.debug.xcconfig"; sourceTree = "<group>"; };
		FA082AE825CBE3B200D75C41 /* DatabaseManager.swift */ = {isa = PBXFileReference; lastKnownFileType = sourcecode.swift; path = DatabaseManager.swift; sourceTree = SOURCE_ROOT; };
		FA12D83125D67EF800976708 /* ConversationTableViewCell.swift */ = {isa = PBXFileReference; lastKnownFileType = sourcecode.swift; path = ConversationTableViewCell.swift; sourceTree = "<group>"; };
		FA3B9BDE25D0381A00A2C27F /* ChatViewController.swift */ = {isa = PBXFileReference; lastKnownFileType = sourcecode.swift; path = ChatViewController.swift; sourceTree = "<group>"; };
		FA3FBF7F25D1315500B25F9A /* StorageManager.swift */ = {isa = PBXFileReference; lastKnownFileType = sourcecode.swift; name = StorageManager.swift; path = Messenger/Controllers/StorageManager.swift; sourceTree = SOURCE_ROOT; };
		FA41A9A525CAF8A200E92591 /* GoogleService-Info.plist */ = {isa = PBXFileReference; fileEncoding = 4; lastKnownFileType = text.plist.xml; path = "GoogleService-Info.plist"; sourceTree = "<group>"; };
		FA81639325C93690001023B0 /* Messenger.app */ = {isa = PBXFileReference; explicitFileType = wrapper.application; includeInIndex = 0; path = Messenger.app; sourceTree = BUILT_PRODUCTS_DIR; };
		FA81639625C93690001023B0 /* AppDelegate.swift */ = {isa = PBXFileReference; lastKnownFileType = sourcecode.swift; path = AppDelegate.swift; sourceTree = "<group>"; };
		FA81639825C93690001023B0 /* SceneDelegate.swift */ = {isa = PBXFileReference; lastKnownFileType = sourcecode.swift; path = SceneDelegate.swift; sourceTree = "<group>"; };
		FA81639A25C93690001023B0 /* ConversationsViewController.swift */ = {isa = PBXFileReference; lastKnownFileType = sourcecode.swift; path = ConversationsViewController.swift; sourceTree = "<group>"; };
		FA81639D25C93690001023B0 /* Base */ = {isa = PBXFileReference; lastKnownFileType = file.storyboard; name = Base; path = Base.lproj/Main.storyboard; sourceTree = "<group>"; };
		FA81639F25C93698001023B0 /* Assets.xcassets */ = {isa = PBXFileReference; lastKnownFileType = folder.assetcatalog; path = Assets.xcassets; sourceTree = "<group>"; };
		FA8163A225C93698001023B0 /* Base */ = {isa = PBXFileReference; lastKnownFileType = file.storyboard; name = Base; path = Base.lproj/LaunchScreen.storyboard; sourceTree = "<group>"; };
		FA8163A425C93698001023B0 /* Info.plist */ = {isa = PBXFileReference; lastKnownFileType = text.plist.xml; path = Info.plist; sourceTree = "<group>"; };
		FA8163B325C94216001023B0 /* LogInViewController.swift */ = {isa = PBXFileReference; lastKnownFileType = sourcecode.swift; path = LogInViewController.swift; sourceTree = "<group>"; };
		FA8163B725C9423F001023B0 /* RegisterViewController.swift */ = {isa = PBXFileReference; lastKnownFileType = sourcecode.swift; path = RegisterViewController.swift; sourceTree = "<group>"; };
		FA8163BA25C94285001023B0 /* PhotoViewerViewController.swift */ = {isa = PBXFileReference; lastKnownFileType = sourcecode.swift; path = PhotoViewerViewController.swift; sourceTree = "<group>"; };
		FA8163BD25C942AA001023B0 /* VideoPlayerViewController.swift */ = {isa = PBXFileReference; lastKnownFileType = sourcecode.swift; path = VideoPlayerViewController.swift; sourceTree = "<group>"; };
		FA8163C025C942E0001023B0 /* NewConversationViewController.swift */ = {isa = PBXFileReference; lastKnownFileType = sourcecode.swift; path = NewConversationViewController.swift; sourceTree = "<group>"; };
		FA8163C325C94311001023B0 /* ProfileViewController.swift */ = {isa = PBXFileReference; lastKnownFileType = sourcecode.swift; path = ProfileViewController.swift; sourceTree = "<group>"; };
		FA8163C825C966BE001023B0 /* Extensions.swift */ = {isa = PBXFileReference; lastKnownFileType = sourcecode.swift; path = Extensions.swift; sourceTree = "<group>"; };
/* End PBXFileReference section */

/* Begin PBXFrameworksBuildPhase section */
		FA81639025C93690001023B0 /* Frameworks */ = {
			isa = PBXFrameworksBuildPhase;
			buildActionMask = 2147483647;
			files = (
				2B89FECD47BCC23926217ECF /* Pods_Messenger.framework in Frameworks */,
			);
			runOnlyForDeploymentPostprocessing = 0;
		};
/* End PBXFrameworksBuildPhase section */

/* Begin PBXGroup section */
		1D7577D07EC7438C69717832 /* Pods */ = {
			isa = PBXGroup;
			children = (
				F9DF5C06B6A09C5A40C5E1FC /* Pods-Messenger.debug.xcconfig */,
				A78602C4A05B2E9854FC9E97 /* Pods-Messenger.release.xcconfig */,
			);
			path = Pods;
			sourceTree = "<group>";
		};
		B7A1A8E353DD441915C97BF1 /* Frameworks */ = {
			isa = PBXGroup;
			children = (
				D9656F41D1DC9386FBB6D0DE /* Pods_Messenger.framework */,
			);
			name = Frameworks;
			sourceTree = "<group>";
		};
		FA81638A25C93690001023B0 = {
			isa = PBXGroup;
			children = (
				FA81639525C93690001023B0 /* Messenger */,
				FA81639425C93690001023B0 /* Products */,
				1D7577D07EC7438C69717832 /* Pods */,
				B7A1A8E353DD441915C97BF1 /* Frameworks */,
			);
			sourceTree = "<group>";
		};
		FA81639425C93690001023B0 /* Products */ = {
			isa = PBXGroup;
			children = (
				FA81639325C93690001023B0 /* Messenger.app */,
			);
			name = Products;
			sourceTree = "<group>";
		};
		FA81639525C93690001023B0 /* Messenger */ = {
			isa = PBXGroup;
			children = (
				FA8163AF25C93F8A001023B0 /* Resources */,
				FA8163AE25C93F79001023B0 /* ViewModels */,
				FA8163AD25C93F5B001023B0 /* Models */,
				FA8163AC25C93F29001023B0 /* Views */,
				FA8163AB25C93EFE001023B0 /* Controllers */,
				FA8163A425C93698001023B0 /* Info.plist */,
				FA41A9A525CAF8A200E92591 /* GoogleService-Info.plist */,
			);
			path = Messenger;
			sourceTree = "<group>";
		};
		FA8163AB25C93EFE001023B0 /* Controllers */ = {
			isa = PBXGroup;
			children = (
				FA81639A25C93690001023B0 /* ConversationsViewController.swift */,
				FA8163C625C9454B001023B0 /* Login */,
				FA8163BA25C94285001023B0 /* PhotoViewerViewController.swift */,
				FA8163BD25C942AA001023B0 /* VideoPlayerViewController.swift */,
				FA8163C025C942E0001023B0 /* NewConversationViewController.swift */,
				FA8163C325C94311001023B0 /* ProfileViewController.swift */,
				FA3B9BDE25D0381A00A2C27F /* ChatViewController.swift */,
			);
			path = Controllers;
			sourceTree = "<group>";
		};
		FA8163AC25C93F29001023B0 /* Views */ = {
			isa = PBXGroup;
			children = (
				FA8163B025C93FE3001023B0 /* Storyboards */,
				FA81639F25C93698001023B0 /* Assets.xcassets */,
				FA12D83125D67EF800976708 /* ConversationTableViewCell.swift */,
			);
			path = Views;
			sourceTree = "<group>";
		};
		FA8163AD25C93F5B001023B0 /* Models */ = {
			isa = PBXGroup;
			children = (
			);
			path = Models;
			sourceTree = "<group>";
		};
		FA8163AE25C93F79001023B0 /* ViewModels */ = {
			isa = PBXGroup;
			children = (
			);
			path = ViewModels;
			sourceTree = "<group>";
		};
		FA8163AF25C93F8A001023B0 /* Resources */ = {
			isa = PBXGroup;
			children = (
				FA3FBF7F25D1315500B25F9A /* StorageManager.swift */,
				FA082AE825CBE3B200D75C41 /* DatabaseManager.swift */,
				FA81639625C93690001023B0 /* AppDelegate.swift */,
				FA81639825C93690001023B0 /* SceneDelegate.swift */,
				FA8163C825C966BE001023B0 /* Extensions.swift */,
			);
			path = Resources;
			sourceTree = "<group>";
		};
		FA8163B025C93FE3001023B0 /* Storyboards */ = {
			isa = PBXGroup;
			children = (
				FA81639C25C93690001023B0 /* Main.storyboard */,
				FA8163A125C93698001023B0 /* LaunchScreen.storyboard */,
			);
			path = Storyboards;
			sourceTree = "<group>";
		};
		FA8163C625C9454B001023B0 /* Login */ = {
			isa = PBXGroup;
			children = (
				FA8163B325C94216001023B0 /* LogInViewController.swift */,
				FA8163B725C9423F001023B0 /* RegisterViewController.swift */,
			);
			path = Login;
			sourceTree = "<group>";
		};
/* End PBXGroup section */

/* Begin PBXNativeTarget section */
		FA81639225C93690001023B0 /* Messenger */ = {
			isa = PBXNativeTarget;
			buildConfigurationList = FA8163A725C93698001023B0 /* Build configuration list for PBXNativeTarget "Messenger" */;
			buildPhases = (
				1D4B09426502A4854C4D65C9 /* [CP] Check Pods Manifest.lock */,
				FA81638F25C93690001023B0 /* Sources */,
				FA81639025C93690001023B0 /* Frameworks */,
				FA81639125C93690001023B0 /* Resources */,
				AAB5BEEEA7C46CDADAB07903 /* [CP] Embed Pods Frameworks */,
				A44D520E5A96D2B8D24E74D2 /* [CP] Copy Pods Resources */,
			);
			buildRules = (
			);
			dependencies = (
			);
			name = Messenger;
			productName = Messenger;
			productReference = FA81639325C93690001023B0 /* Messenger.app */;
			productType = "com.apple.product-type.application";
		};
/* End PBXNativeTarget section */

/* Begin PBXProject section */
		FA81638B25C93690001023B0 /* Project object */ = {
			isa = PBXProject;
			attributes = {
				LastSwiftUpdateCheck = 1220;
				LastUpgradeCheck = 1220;
				TargetAttributes = {
					FA81639225C93690001023B0 = {
						CreatedOnToolsVersion = 12.2;
					};
				};
			};
			buildConfigurationList = FA81638E25C93690001023B0 /* Build configuration list for PBXProject "Messenger" */;
			compatibilityVersion = "Xcode 9.3";
			developmentRegion = en;
			hasScannedForEncodings = 0;
			knownRegions = (
				en,
				Base,
			);
			mainGroup = FA81638A25C93690001023B0;
			productRefGroup = FA81639425C93690001023B0 /* Products */;
			projectDirPath = "";
			projectRoot = "";
			targets = (
				FA81639225C93690001023B0 /* Messenger */,
			);
		};
/* End PBXProject section */

/* Begin PBXResourcesBuildPhase section */
		FA81639125C93690001023B0 /* Resources */ = {
			isa = PBXResourcesBuildPhase;
			buildActionMask = 2147483647;
			files = (
				FA8163A325C93698001023B0 /* LaunchScreen.storyboard in Resources */,
				FA41A9A625CAF8A200E92591 /* GoogleService-Info.plist in Resources */,
				FA8163A025C93698001023B0 /* Assets.xcassets in Resources */,
				FA81639E25C93690001023B0 /* Main.storyboard in Resources */,
			);
			runOnlyForDeploymentPostprocessing = 0;
		};
/* End PBXResourcesBuildPhase section */

/* Begin PBXShellScriptBuildPhase section */
		1D4B09426502A4854C4D65C9 /* [CP] Check Pods Manifest.lock */ = {
			isa = PBXShellScriptBuildPhase;
			buildActionMask = 2147483647;
			files = (
			);
			inputFileListPaths = (
			);
			inputPaths = (
				"${PODS_PODFILE_DIR_PATH}/Podfile.lock",
				"${PODS_ROOT}/Manifest.lock",
			);
			name = "[CP] Check Pods Manifest.lock";
			outputFileListPaths = (
			);
			outputPaths = (
				"$(DERIVED_FILE_DIR)/Pods-Messenger-checkManifestLockResult.txt",
			);
			runOnlyForDeploymentPostprocessing = 0;
			shellPath = /bin/sh;
			shellScript = "diff \"${PODS_PODFILE_DIR_PATH}/Podfile.lock\" \"${PODS_ROOT}/Manifest.lock\" > /dev/null\nif [ $? != 0 ] ; then\n    # print error to STDERR\n    echo \"error: The sandbox is not in sync with the Podfile.lock. Run 'pod install' or update your CocoaPods installation.\" >&2\n    exit 1\nfi\n# This output is used by Xcode 'outputs' to avoid re-running this script phase.\necho \"SUCCESS\" > \"${SCRIPT_OUTPUT_FILE_0}\"\n";
			showEnvVarsInLog = 0;
		};
		A44D520E5A96D2B8D24E74D2 /* [CP] Copy Pods Resources */ = {
			isa = PBXShellScriptBuildPhase;
			buildActionMask = 2147483647;
			files = (
			);
			inputFileListPaths = (
				"${PODS_ROOT}/Target Support Files/Pods-Messenger/Pods-Messenger-resources-${CONFIGURATION}-input-files.xcfilelist",
			);
			name = "[CP] Copy Pods Resources";
			outputFileListPaths = (
				"${PODS_ROOT}/Target Support Files/Pods-Messenger/Pods-Messenger-resources-${CONFIGURATION}-output-files.xcfilelist",
			);
			runOnlyForDeploymentPostprocessing = 0;
			shellPath = /bin/sh;
			shellScript = "\"${PODS_ROOT}/Target Support Files/Pods-Messenger/Pods-Messenger-resources.sh\"\n";
			showEnvVarsInLog = 0;
		};
		AAB5BEEEA7C46CDADAB07903 /* [CP] Embed Pods Frameworks */ = {
			isa = PBXShellScriptBuildPhase;
			buildActionMask = 2147483647;
			files = (
			);
			inputFileListPaths = (
				"${PODS_ROOT}/Target Support Files/Pods-Messenger/Pods-Messenger-frameworks-${CONFIGURATION}-input-files.xcfilelist",
			);
			name = "[CP] Embed Pods Frameworks";
			outputFileListPaths = (
				"${PODS_ROOT}/Target Support Files/Pods-Messenger/Pods-Messenger-frameworks-${CONFIGURATION}-output-files.xcfilelist",
			);
			runOnlyForDeploymentPostprocessing = 0;
			shellPath = /bin/sh;
			shellScript = "\"${PODS_ROOT}/Target Support Files/Pods-Messenger/Pods-Messenger-frameworks.sh\"\n";
			showEnvVarsInLog = 0;
		};
/* End PBXShellScriptBuildPhase section */

/* Begin PBXSourcesBuildPhase section */
		FA81638F25C93690001023B0 /* Sources */ = {
			isa = PBXSourcesBuildPhase;
			buildActionMask = 2147483647;
			files = (
				FA8163B425C94216001023B0 /* LogInViewController.swift in Sources */,
				FA082AE925CBE3B300D75C41 /* DatabaseManager.swift in Sources */,
				FA8163B825C9423F001023B0 /* RegisterViewController.swift in Sources */,
				FA8163C125C942E0001023B0 /* NewConversationViewController.swift in Sources */,
				FA81639B25C93690001023B0 /* ConversationsViewController.swift in Sources */,
				FA8163BE25C942AA001023B0 /* VideoPlayerViewController.swift in Sources */,
				FA8163C925C966BF001023B0 /* Extensions.swift in Sources */,
				FA81639725C93690001023B0 /* AppDelegate.swift in Sources */,
				FA8163C425C94311001023B0 /* ProfileViewController.swift in Sources */,
				FA81639925C93690001023B0 /* SceneDelegate.swift in Sources */,
				FA12D83225D67EFA00976708 /* ConversationTableViewCell.swift in Sources */,
				FA3B9BDF25D0381A00A2C27F /* ChatViewController.swift in Sources */,
				FA8163BB25C94286001023B0 /* PhotoViewerViewController.swift in Sources */,
				FA3FBF8025D1315500B25F9A /* StorageManager.swift in Sources */,
			);
			runOnlyForDeploymentPostprocessing = 0;
		};
/* End PBXSourcesBuildPhase section */

/* Begin PBXVariantGroup section */
		FA81639C25C93690001023B0 /* Main.storyboard */ = {
			isa = PBXVariantGroup;
			children = (
				FA81639D25C93690001023B0 /* Base */,
			);
			name = Main.storyboard;
			sourceTree = "<group>";
		};
		FA8163A125C93698001023B0 /* LaunchScreen.storyboard */ = {
			isa = PBXVariantGroup;
			children = (
				FA8163A225C93698001023B0 /* Base */,
			);
			name = LaunchScreen.storyboard;
			sourceTree = "<group>";
		};
/* End PBXVariantGroup section */

/* Begin XCBuildConfiguration section */
		FA8163A525C93698001023B0 /* Debug */ = {
			isa = XCBuildConfiguration;
			buildSettings = {
				ALWAYS_SEARCH_USER_PATHS = NO;
				CLANG_ANALYZER_NONNULL = YES;
				CLANG_ANALYZER_NUMBER_OBJECT_CONVERSION = YES_AGGRESSIVE;
				CLANG_CXX_LANGUAGE_STANDARD = "gnu++14";
				CLANG_CXX_LIBRARY = "libc++";
				CLANG_ENABLE_MODULES = YES;
				CLANG_ENABLE_OBJC_ARC = YES;
				CLANG_ENABLE_OBJC_WEAK = YES;
				CLANG_WARN_BLOCK_CAPTURE_AUTORELEASING = YES;
				CLANG_WARN_BOOL_CONVERSION = YES;
				CLANG_WARN_COMMA = YES;
				CLANG_WARN_CONSTANT_CONVERSION = YES;
				CLANG_WARN_DEPRECATED_OBJC_IMPLEMENTATIONS = YES;
				CLANG_WARN_DIRECT_OBJC_ISA_USAGE = YES_ERROR;
				CLANG_WARN_DOCUMENTATION_COMMENTS = YES;
				CLANG_WARN_EMPTY_BODY = YES;
				CLANG_WARN_ENUM_CONVERSION = YES;
				CLANG_WARN_INFINITE_RECURSION = YES;
				CLANG_WARN_INT_CONVERSION = YES;
				CLANG_WARN_NON_LITERAL_NULL_CONVERSION = YES;
				CLANG_WARN_OBJC_IMPLICIT_RETAIN_SELF = YES;
				CLANG_WARN_OBJC_LITERAL_CONVERSION = YES;
				CLANG_WARN_OBJC_ROOT_CLASS = YES_ERROR;
				CLANG_WARN_QUOTED_INCLUDE_IN_FRAMEWORK_HEADER = YES;
				CLANG_WARN_RANGE_LOOP_ANALYSIS = YES;
				CLANG_WARN_STRICT_PROTOTYPES = YES;
				CLANG_WARN_SUSPICIOUS_MOVE = YES;
				CLANG_WARN_UNGUARDED_AVAILABILITY = YES_AGGRESSIVE;
				CLANG_WARN_UNREACHABLE_CODE = YES;
				CLANG_WARN__DUPLICATE_METHOD_MATCH = YES;
				COPY_PHASE_STRIP = NO;
				DEBUG_INFORMATION_FORMAT = dwarf;
				ENABLE_STRICT_OBJC_MSGSEND = YES;
				ENABLE_TESTABILITY = YES;
				GCC_C_LANGUAGE_STANDARD = gnu11;
				GCC_DYNAMIC_NO_PIC = NO;
				GCC_NO_COMMON_BLOCKS = YES;
				GCC_OPTIMIZATION_LEVEL = 0;
				GCC_PREPROCESSOR_DEFINITIONS = (
					"DEBUG=1",
					"$(inherited)",
				);
				GCC_WARN_64_TO_32_BIT_CONVERSION = YES;
				GCC_WARN_ABOUT_RETURN_TYPE = YES_ERROR;
				GCC_WARN_UNDECLARED_SELECTOR = YES;
				GCC_WARN_UNINITIALIZED_AUTOS = YES_AGGRESSIVE;
				GCC_WARN_UNUSED_FUNCTION = YES;
				GCC_WARN_UNUSED_VARIABLE = YES;
				IPHONEOS_DEPLOYMENT_TARGET = 12.4;
				MTL_ENABLE_DEBUG_INFO = INCLUDE_SOURCE;
				MTL_FAST_MATH = YES;
				ONLY_ACTIVE_ARCH = YES;
				SDKROOT = iphoneos;
				SWIFT_ACTIVE_COMPILATION_CONDITIONS = DEBUG;
				SWIFT_OPTIMIZATION_LEVEL = "-Onone";
			};
			name = Debug;
		};
		FA8163A625C93698001023B0 /* Release */ = {
			isa = XCBuildConfiguration;
			buildSettings = {
				ALWAYS_SEARCH_USER_PATHS = NO;
				CLANG_ANALYZER_NONNULL = YES;
				CLANG_ANALYZER_NUMBER_OBJECT_CONVERSION = YES_AGGRESSIVE;
				CLANG_CXX_LANGUAGE_STANDARD = "gnu++14";
				CLANG_CXX_LIBRARY = "libc++";
				CLANG_ENABLE_MODULES = YES;
				CLANG_ENABLE_OBJC_ARC = YES;
				CLANG_ENABLE_OBJC_WEAK = YES;
				CLANG_WARN_BLOCK_CAPTURE_AUTORELEASING = YES;
				CLANG_WARN_BOOL_CONVERSION = YES;
				CLANG_WARN_COMMA = YES;
				CLANG_WARN_CONSTANT_CONVERSION = YES;
				CLANG_WARN_DEPRECATED_OBJC_IMPLEMENTATIONS = YES;
				CLANG_WARN_DIRECT_OBJC_ISA_USAGE = YES_ERROR;
				CLANG_WARN_DOCUMENTATION_COMMENTS = YES;
				CLANG_WARN_EMPTY_BODY = YES;
				CLANG_WARN_ENUM_CONVERSION = YES;
				CLANG_WARN_INFINITE_RECURSION = YES;
				CLANG_WARN_INT_CONVERSION = YES;
				CLANG_WARN_NON_LITERAL_NULL_CONVERSION = YES;
				CLANG_WARN_OBJC_IMPLICIT_RETAIN_SELF = YES;
				CLANG_WARN_OBJC_LITERAL_CONVERSION = YES;
				CLANG_WARN_OBJC_ROOT_CLASS = YES_ERROR;
				CLANG_WARN_QUOTED_INCLUDE_IN_FRAMEWORK_HEADER = YES;
				CLANG_WARN_RANGE_LOOP_ANALYSIS = YES;
				CLANG_WARN_STRICT_PROTOTYPES = YES;
				CLANG_WARN_SUSPICIOUS_MOVE = YES;
				CLANG_WARN_UNGUARDED_AVAILABILITY = YES_AGGRESSIVE;
				CLANG_WARN_UNREACHABLE_CODE = YES;
				CLANG_WARN__DUPLICATE_METHOD_MATCH = YES;
				COPY_PHASE_STRIP = NO;
				DEBUG_INFORMATION_FORMAT = "dwarf-with-dsym";
				ENABLE_NS_ASSERTIONS = NO;
				ENABLE_STRICT_OBJC_MSGSEND = YES;
				GCC_C_LANGUAGE_STANDARD = gnu11;
				GCC_NO_COMMON_BLOCKS = YES;
				GCC_WARN_64_TO_32_BIT_CONVERSION = YES;
				GCC_WARN_ABOUT_RETURN_TYPE = YES_ERROR;
				GCC_WARN_UNDECLARED_SELECTOR = YES;
				GCC_WARN_UNINITIALIZED_AUTOS = YES_AGGRESSIVE;
				GCC_WARN_UNUSED_FUNCTION = YES;
				GCC_WARN_UNUSED_VARIABLE = YES;
				IPHONEOS_DEPLOYMENT_TARGET = 12.4;
				MTL_ENABLE_DEBUG_INFO = NO;
				MTL_FAST_MATH = YES;
				SDKROOT = iphoneos;
				SWIFT_COMPILATION_MODE = wholemodule;
				SWIFT_OPTIMIZATION_LEVEL = "-O";
				VALIDATE_PRODUCT = YES;
			};
			name = Release;
		};
		FA8163A825C93698001023B0 /* Debug */ = {
			isa = XCBuildConfiguration;
			baseConfigurationReference = F9DF5C06B6A09C5A40C5E1FC /* Pods-Messenger.debug.xcconfig */;
			buildSettings = {
				ASSETCATALOG_COMPILER_APPICON_NAME = AppIcon;
				ASSETCATALOG_COMPILER_GLOBAL_ACCENT_COLOR_NAME = AccentColor;
				CODE_SIGN_STYLE = Automatic;
				DEVELOPMENT_TEAM = 573CM7Y6R3;
				INFOPLIST_FILE = Messenger/Info.plist;
				IPHONEOS_DEPLOYMENT_TARGET = 12.4;
				LD_RUNPATH_SEARCH_PATHS = (
					"$(inherited)",
					"@executable_path/Frameworks",
				);
				PRODUCT_BUNDLE_IDENTIFIER = com.Messenger;
				PRODUCT_NAME = "$(TARGET_NAME)";
				SWIFT_VERSION = 5.0;
				TARGETED_DEVICE_FAMILY = "1,2";
			};
			name = Debug;
		};
		FA8163A925C93698001023B0 /* Release */ = {
			isa = XCBuildConfiguration;
			baseConfigurationReference = A78602C4A05B2E9854FC9E97 /* Pods-Messenger.release.xcconfig */;
			buildSettings = {
				ASSETCATALOG_COMPILER_APPICON_NAME = AppIcon;
				ASSETCATALOG_COMPILER_GLOBAL_ACCENT_COLOR_NAME = AccentColor;
				CODE_SIGN_STYLE = Automatic;
				DEVELOPMENT_TEAM = 573CM7Y6R3;
				INFOPLIST_FILE = Messenger/Info.plist;
				IPHONEOS_DEPLOYMENT_TARGET = 12.4;
				LD_RUNPATH_SEARCH_PATHS = (
					"$(inherited)",
					"@executable_path/Frameworks",
				);
				PRODUCT_BUNDLE_IDENTIFIER = com.Messenger;
				PRODUCT_NAME = "$(TARGET_NAME)";
				SWIFT_VERSION = 5.0;
				TARGETED_DEVICE_FAMILY = "1,2";
			};
			name = Release;
		};
/* End XCBuildConfiguration section */

/* Begin XCConfigurationList section */
		FA81638E25C93690001023B0 /* Build configuration list for PBXProject "Messenger" */ = {
			isa = XCConfigurationList;
			buildConfigurations = (
				FA8163A525C93698001023B0 /* Debug */,
				FA8163A625C93698001023B0 /* Release */,
			);
			defaultConfigurationIsVisible = 0;
			defaultConfigurationName = Release;
		};
		FA8163A725C93698001023B0 /* Build configuration list for PBXNativeTarget "Messenger" */ = {
			isa = XCConfigurationList;
			buildConfigurations = (
				FA8163A825C93698001023B0 /* Debug */,
				FA8163A925C93698001023B0 /* Release */,
			);
			defaultConfigurationIsVisible = 0;
			defaultConfigurationName = Release;
		};
/* End XCConfigurationList section */
	};
	rootObject = FA81638B25C93690001023B0 /* Project object */;
}
